// !$*UTF8*$!
{
	archiveVersion = 1;
	classes = {
	};
	objectVersion = 46;
	objects = {

/* Begin PBXBuildFile section */
		ED1E80002EA3C70EA83625A0 /* Pods_instagrams.framework in Frameworks */ = {isa = PBXBuildFile; fileRef = DBFA95692FE0C45FE8BF502C /* Pods_instagrams.framework */; };
		EE2961071C88C90F00A088E8 /* nature-iphone.png in Resources */ = {isa = PBXBuildFile; fileRef = EE2961061C88C90F00A088E8 /* nature-iphone.png */; };
		EE2961091C8A6FD800A088E8 /* UserAreaViewController.swift in Sources */ = {isa = PBXBuildFile; fileRef = EE2961081C8A6FD800A088E8 /* UserAreaViewController.swift */; };
		EE29610B1C8B65E300A088E8 /* ImageCellTableViewCell.swift in Sources */ = {isa = PBXBuildFile; fileRef = EE29610A1C8B65E300A088E8 /* ImageCellTableViewCell.swift */; };
		EE29610E1C8BCDB900A088E8 /* UploadImageViewController.swift in Sources */ = {isa = PBXBuildFile; fileRef = EE29610D1C8BCDB900A088E8 /* UploadImageViewController.swift */; };
		EE2961101C8BE1BA00A088E8 /* Post.swift in Sources */ = {isa = PBXBuildFile; fileRef = EE29610F1C8BE1BA00A088E8 /* Post.swift */; };
		EE2961121C8C089D00A088E8 /* ProfileViewController.swift in Sources */ = {isa = PBXBuildFile; fileRef = EE2961111C8C089D00A088E8 /* ProfileViewController.swift */; };
		EE83BE4D1C83E7600002DF50 /* AppDelegate.swift in Sources */ = {isa = PBXBuildFile; fileRef = EE83BE4C1C83E7600002DF50 /* AppDelegate.swift */; };
		EE83BE521C83E7600002DF50 /* Main.storyboard in Resources */ = {isa = PBXBuildFile; fileRef = EE83BE501C83E7600002DF50 /* Main.storyboard */; };
		EE83BE541C83E7600002DF50 /* Assets.xcassets in Resources */ = {isa = PBXBuildFile; fileRef = EE83BE531C83E7600002DF50 /* Assets.xcassets */; };
		EE83BE571C83E7600002DF50 /* LaunchScreen.storyboard in Resources */ = {isa = PBXBuildFile; fileRef = EE83BE551C83E7600002DF50 /* LaunchScreen.storyboard */; };
		EE83BE621C83EE550002DF50 /* LoginViewController.swift in Sources */ = {isa = PBXBuildFile; fileRef = EE83BE611C83EE550002DF50 /* LoginViewController.swift */; };
		EE83BE641C83F1A10002DF50 /* RegisterViewController.swift in Sources */ = {isa = PBXBuildFile; fileRef = EE83BE631C83F1A10002DF50 /* RegisterViewController.swift */; };
/* End PBXBuildFile section */

/* Begin PBXFileReference section */
		208E373489BE10B9C0DC465D /* Pods-instagrams.debug.xcconfig */ = {isa = PBXFileReference; includeInIndex = 1; lastKnownFileType = text.xcconfig; name = "Pods-instagrams.debug.xcconfig"; path = "Pods/Target Support Files/Pods-instagrams/Pods-instagrams.debug.xcconfig"; sourceTree = "<group>"; };
		4025EB935894ABC7D8DC9803 /* Pods-instagrams.release.xcconfig */ = {isa = PBXFileReference; includeInIndex = 1; lastKnownFileType = text.xcconfig; name = "Pods-instagrams.release.xcconfig"; path = "Pods/Target Support Files/Pods-instagrams/Pods-instagrams.release.xcconfig"; sourceTree = "<group>"; };
		DBFA95692FE0C45FE8BF502C /* Pods_instagrams.framework */ = {isa = PBXFileReference; explicitFileType = wrapper.framework; includeInIndex = 0; path = Pods_instagrams.framework; sourceTree = BUILT_PRODUCTS_DIR; };
		EE2961061C88C90F00A088E8 /* nature-iphone.png */ = {isa = PBXFileReference; lastKnownFileType = image.png; path = "nature-iphone.png"; sourceTree = "<group>"; };
		EE2961081C8A6FD800A088E8 /* UserAreaViewController.swift */ = {isa = PBXFileReference; fileEncoding = 4; lastKnownFileType = sourcecode.swift; path = UserAreaViewController.swift; sourceTree = "<group>"; };
		EE29610A1C8B65E300A088E8 /* ImageCellTableViewCell.swift */ = {isa = PBXFileReference; fileEncoding = 4; lastKnownFileType = sourcecode.swift; path = ImageCellTableViewCell.swift; sourceTree = "<group>"; };
		EE29610D1C8BCDB900A088E8 /* UploadImageViewController.swift */ = {isa = PBXFileReference; fileEncoding = 4; lastKnownFileType = sourcecode.swift; path = UploadImageViewController.swift; sourceTree = "<group>"; };
		EE29610F1C8BE1BA00A088E8 /* Post.swift */ = {isa = PBXFileReference; fileEncoding = 4; lastKnownFileType = sourcecode.swift; path = Post.swift; sourceTree = "<group>"; };
		EE2961111C8C089D00A088E8 /* ProfileViewController.swift */ = {isa = PBXFileReference; fileEncoding = 4; lastKnownFileType = sourcecode.swift; path = ProfileViewController.swift; sourceTree = "<group>"; };
		EE83BE491C83E7600002DF50 /* instagrams.app */ = {isa = PBXFileReference; explicitFileType = wrapper.application; includeInIndex = 0; path = instagrams.app; sourceTree = BUILT_PRODUCTS_DIR; };
		EE83BE4C1C83E7600002DF50 /* AppDelegate.swift */ = {isa = PBXFileReference; lastKnownFileType = sourcecode.swift; path = AppDelegate.swift; sourceTree = "<group>"; };
		EE83BE511C83E7600002DF50 /* Base */ = {isa = PBXFileReference; lastKnownFileType = file.storyboard; name = Base; path = Base.lproj/Main.storyboard; sourceTree = "<group>"; };
		EE83BE531C83E7600002DF50 /* Assets.xcassets */ = {isa = PBXFileReference; lastKnownFileType = folder.assetcatalog; path = Assets.xcassets; sourceTree = "<group>"; };
		EE83BE561C83E7600002DF50 /* Base */ = {isa = PBXFileReference; lastKnownFileType = file.storyboard; name = Base; path = Base.lproj/LaunchScreen.storyboard; sourceTree = "<group>"; };
		EE83BE581C83E7600002DF50 /* Info.plist */ = {isa = PBXFileReference; lastKnownFileType = text.plist.xml; path = Info.plist; sourceTree = "<group>"; };
		EE83BE611C83EE550002DF50 /* LoginViewController.swift */ = {isa = PBXFileReference; fileEncoding = 4; lastKnownFileType = sourcecode.swift; path = LoginViewController.swift; sourceTree = "<group>"; };
		EE83BE631C83F1A10002DF50 /* RegisterViewController.swift */ = {isa = PBXFileReference; fileEncoding = 4; lastKnownFileType = sourcecode.swift; path = RegisterViewController.swift; sourceTree = "<group>"; };
/* End PBXFileReference section */

/* Begin PBXFrameworksBuildPhase section */
		EE83BE461C83E7600002DF50 /* Frameworks */ = {
			isa = PBXFrameworksBuildPhase;
			buildActionMask = 2147483647;
			files = (
				ED1E80002EA3C70EA83625A0 /* Pods_instagrams.framework in Frameworks */,
			);
			runOnlyForDeploymentPostprocessing = 0;
		};
/* End PBXFrameworksBuildPhase section */

/* Begin PBXGroup section */
		377E940D73AE876DCAD8237C /* Frameworks */ = {
			isa = PBXGroup;
			children = (
				DBFA95692FE0C45FE8BF502C /* Pods_instagrams.framework */,
			);
			name = Frameworks;
			sourceTree = "<group>";
		};
		9F5FDC784B219AF76C3AA191 /* Pods */ = {
			isa = PBXGroup;
			children = (
				208E373489BE10B9C0DC465D /* Pods-instagrams.debug.xcconfig */,
				4025EB935894ABC7D8DC9803 /* Pods-instagrams.release.xcconfig */,
			);
			name = Pods;
			sourceTree = "<group>";
		};
		EE29610C1C8B76E900A088E8 /* Model */ = {
			isa = PBXGroup;
			children = (
				EE29610F1C8BE1BA00A088E8 /* Post.swift */,
			);
			name = Model;
			sourceTree = "<group>";
		};
		EE83BE401C83E7600002DF50 = {
			isa = PBXGroup;
			children = (
				EE83BE4B1C83E7600002DF50 /* instagrams */,
				EE83BE4A1C83E7600002DF50 /* Products */,
				9F5FDC784B219AF76C3AA191 /* Pods */,
				377E940D73AE876DCAD8237C /* Frameworks */,
			);
			sourceTree = "<group>";
		};
		EE83BE4A1C83E7600002DF50 /* Products */ = {
			isa = PBXGroup;
			children = (
				EE83BE491C83E7600002DF50 /* instagrams.app */,
			);
			name = Products;
			sourceTree = "<group>";
		};
		EE83BE4B1C83E7600002DF50 /* instagrams */ = {
			isa = PBXGroup;
			children = (
				EE29610C1C8B76E900A088E8 /* Model */,
				EE83BE5F1C83EA6B0002DF50 /* ViewController */,
				EE83BE5E1C83EA650002DF50 /* View */,
				EE83BE4C1C83E7600002DF50 /* AppDelegate.swift */,
				EE83BE501C83E7600002DF50 /* Main.storyboard */,
				EE83BE531C83E7600002DF50 /* Assets.xcassets */,
				EE2961061C88C90F00A088E8 /* nature-iphone.png */,
				EE83BE551C83E7600002DF50 /* LaunchScreen.storyboard */,
				EE83BE581C83E7600002DF50 /* Info.plist */,
			);
			path = instagrams;
			sourceTree = "<group>";
		};
		EE83BE5E1C83EA650002DF50 /* View */ = {
			isa = PBXGroup;
			children = (
				EE29610A1C8B65E300A088E8 /* ImageCellTableViewCell.swift */,
			);
			name = View;
			sourceTree = "<group>";
		};
		EE83BE5F1C83EA6B0002DF50 /* ViewController */ = {
			isa = PBXGroup;
			children = (
				EE83BE611C83EE550002DF50 /* LoginViewController.swift */,
				EE83BE631C83F1A10002DF50 /* RegisterViewController.swift */,
				EE2961081C8A6FD800A088E8 /* UserAreaViewController.swift */,
				EE29610D1C8BCDB900A088E8 /* UploadImageViewController.swift */,
				EE2961111C8C089D00A088E8 /* ProfileViewController.swift */,
			);
			name = ViewController;
			sourceTree = "<group>";
		};
/* End PBXGroup section */

/* Begin PBXNativeTarget section */
		EE83BE481C83E7600002DF50 /* instagrams */ = {
			isa = PBXNativeTarget;
			buildConfigurationList = EE83BE5B1C83E7600002DF50 /* Build configuration list for PBXNativeTarget "instagrams" */;
			buildPhases = (
				8B9FA2340006BD611329C536 /* Check Pods Manifest.lock */,
				EE83BE451C83E7600002DF50 /* Sources */,
				EE83BE461C83E7600002DF50 /* Frameworks */,
				EE83BE471C83E7600002DF50 /* Resources */,
				D39FD427C95A5B3D7365252E /* Embed Pods Frameworks */,
				36ABC344038319C2C9EDFA3F /* Copy Pods Resources */,
			);
			buildRules = (
			);
			dependencies = (
			);
			name = instagrams;
			productName = instagrams;
			productReference = EE83BE491C83E7600002DF50 /* instagrams.app */;
			productType = "com.apple.product-type.application";
		};
/* End PBXNativeTarget section */

/* Begin PBXProject section */
		EE83BE411C83E7600002DF50 /* Project object */ = {
			isa = PBXProject;
			attributes = {
				LastSwiftUpdateCheck = 0720;
				LastUpgradeCheck = 0720;
				ORGANIZATIONNAME = josh.gebbeken;
				TargetAttributes = {
					EE83BE481C83E7600002DF50 = {
						CreatedOnToolsVersion = 7.2;
					};
				};
			};
			buildConfigurationList = EE83BE441C83E7600002DF50 /* Build configuration list for PBXProject "instagrams" */;
			compatibilityVersion = "Xcode 3.2";
			developmentRegion = English;
			hasScannedForEncodings = 0;
			knownRegions = (
				en,
				Base,
			);
			mainGroup = EE83BE401C83E7600002DF50;
			productRefGroup = EE83BE4A1C83E7600002DF50 /* Products */;
			projectDirPath = "";
			projectRoot = "";
			targets = (
				EE83BE481C83E7600002DF50 /* instagrams */,
			);
		};
/* End PBXProject section */

/* Begin PBXResourcesBuildPhase section */
		EE83BE471C83E7600002DF50 /* Resources */ = {
			isa = PBXResourcesBuildPhase;
			buildActionMask = 2147483647;
			files = (
				EE83BE571C83E7600002DF50 /* LaunchScreen.storyboard in Resources */,
				EE83BE541C83E7600002DF50 /* Assets.xcassets in Resources */,
				EE83BE521C83E7600002DF50 /* Main.storyboard in Resources */,
				EE2961071C88C90F00A088E8 /* nature-iphone.png in Resources */,
			);
			runOnlyForDeploymentPostprocessing = 0;
		};
/* End PBXResourcesBuildPhase section */

/* Begin PBXShellScriptBuildPhase section */
		36ABC344038319C2C9EDFA3F /* Copy Pods Resources */ = {
			isa = PBXShellScriptBuildPhase;
			buildActionMask = 2147483647;
			files = (
			);
			inputPaths = (
			);
			name = "Copy Pods Resources";
			outputPaths = (
			);
			runOnlyForDeploymentPostprocessing = 0;
			shellPath = /bin/sh;
			shellScript = "\"${SRCROOT}/Pods/Target Support Files/Pods-instagrams/Pods-instagrams-resources.sh\"\n";
			showEnvVarsInLog = 0;
		};
		8B9FA2340006BD611329C536 /* Check Pods Manifest.lock */ = {
			isa = PBXShellScriptBuildPhase;
			buildActionMask = 2147483647;
			files = (
			);
			inputPaths = (
			);
			name = "Check Pods Manifest.lock";
			outputPaths = (
			);
			runOnlyForDeploymentPostprocessing = 0;
			shellPath = /bin/sh;
			shellScript = "diff \"${PODS_ROOT}/../Podfile.lock\" \"${PODS_ROOT}/Manifest.lock\" > /dev/null\nif [[ $? != 0 ]] ; then\n    cat << EOM\nerror: The sandbox is not in sync with the Podfile.lock. Run 'pod install' or update your CocoaPods installation.\nEOM\n    exit 1\nfi\n";
			showEnvVarsInLog = 0;
		};
		D39FD427C95A5B3D7365252E /* Embed Pods Frameworks */ = {
			isa = PBXShellScriptBuildPhase;
			buildActionMask = 2147483647;
			files = (
			);
			inputPaths = (
			);
			name = "Embed Pods Frameworks";
			outputPaths = (
			);
			runOnlyForDeploymentPostprocessing = 0;
			shellPath = /bin/sh;
			shellScript = "\"${SRCROOT}/Pods/Target Support Files/Pods-instagrams/Pods-instagrams-frameworks.sh\"\n";
			showEnvVarsInLog = 0;
		};
/* End PBXShellScriptBuildPhase section */

/* Begin PBXSourcesBuildPhase section */
		EE83BE451C83E7600002DF50 /* Sources */ = {
			isa = PBXSourcesBuildPhase;
			buildActionMask = 2147483647;
			files = (
				EE83BE641C83F1A10002DF50 /* RegisterViewController.swift in Sources */,
				EE29610B1C8B65E300A088E8 /* ImageCellTableViewCell.swift in Sources */,
				EE83BE621C83EE550002DF50 /* LoginViewController.swift in Sources */,
				EE2961091C8A6FD800A088E8 /* UserAreaViewController.swift in Sources */,
				EE83BE4D1C83E7600002DF50 /* AppDelegate.swift in Sources */,
				EE2961101C8BE1BA00A088E8 /* Post.swift in Sources */,
				EE2961121C8C089D00A088E8 /* ProfileViewController.swift in Sources */,
				EE29610E1C8BCDB900A088E8 /* UploadImageViewController.swift in Sources */,
			);
			runOnlyForDeploymentPostprocessing = 0;
		};
/* End PBXSourcesBuildPhase section */

/* Begin PBXVariantGroup section */
		EE83BE501C83E7600002DF50 /* Main.storyboard */ = {
			isa = PBXVariantGroup;
			children = (
				EE83BE511C83E7600002DF50 /* Base */,
			);
			name = Main.storyboard;
			sourceTree = "<group>";
		};
		EE83BE551C83E7600002DF50 /* LaunchScreen.storyboard */ = {
			isa = PBXVariantGroup;
			children = (
				EE83BE561C83E7600002DF50 /* Base */,
			);
			name = LaunchScreen.storyboard;
			sourceTree = "<group>";
		};
/* End PBXVariantGroup section */

/* Begin XCBuildConfiguration section */
		EE83BE591C83E7600002DF50 /* Debug */ = {
			isa = XCBuildConfiguration;
			buildSettings = {
				ALWAYS_SEARCH_USER_PATHS = NO;
				CLANG_CXX_LANGUAGE_STANDARD = "gnu++0x";
				CLANG_CXX_LIBRARY = "libc++";
				CLANG_ENABLE_MODULES = YES;
				CLANG_ENABLE_OBJC_ARC = YES;
				CLANG_WARN_BOOL_CONVERSION = YES;
				CLANG_WARN_CONSTANT_CONVERSION = YES;
				CLANG_WARN_DIRECT_OBJC_ISA_USAGE = YES_ERROR;
				CLANG_WARN_EMPTY_BODY = YES;
				CLANG_WARN_ENUM_CONVERSION = YES;
				CLANG_WARN_INT_CONVERSION = YES;
				CLANG_WARN_OBJC_ROOT_CLASS = YES_ERROR;
				CLANG_WARN_UNREACHABLE_CODE = YES;
				CLANG_WARN__DUPLICATE_METHOD_MATCH = YES;
				"CODE_SIGN_IDENTITY[sdk=iphoneos*]" = "iPhone Developer";
				COPY_PHASE_STRIP = NO;
				DEBUG_INFORMATION_FORMAT = dwarf;
				ENABLE_STRICT_OBJC_MSGSEND = YES;
				ENABLE_TESTABILITY = YES;
				GCC_C_LANGUAGE_STANDARD = gnu99;
				GCC_DYNAMIC_NO_PIC = NO;
				GCC_NO_COMMON_BLOCKS = YES;
				GCC_OPTIMIZATION_LEVEL = 0;
				GCC_PREPROCESSOR_DEFINITIONS = (
					"DEBUG=1",
					"$(inherited)",
				);
				GCC_WARN_64_TO_32_BIT_CONVERSION = YES;
				GCC_WARN_ABOUT_RETURN_TYPE = YES_ERROR;
				GCC_WARN_UNDECLARED_SELECTOR = YES;
				GCC_WARN_UNINITIALIZED_AUTOS = YES_AGGRESSIVE;
				GCC_WARN_UNUSED_FUNCTION = YES;
				GCC_WARN_UNUSED_VARIABLE = YES;
				IPHONEOS_DEPLOYMENT_TARGET = 9.2;
				MTL_ENABLE_DEBUG_INFO = YES;
				ONLY_ACTIVE_ARCH = YES;
				SDKROOT = iphoneos;
				SWIFT_OPTIMIZATION_LEVEL = "-Onone";
			};
			name = Debug;
		};
		EE83BE5A1C83E7600002DF50 /* Release */ = {
			isa = XCBuildConfiguration;
			buildSettings = {
				ALWAYS_SEARCH_USER_PATHS = NO;
				CLANG_CXX_LANGUAGE_STANDARD = "gnu++0x";
				CLANG_CXX_LIBRARY = "libc++";
				CLANG_ENABLE_MODULES = YES;
				CLANG_ENABLE_OBJC_ARC = YES;
				CLANG_WARN_BOOL_CONVERSION = YES;
				CLANG_WARN_CONSTANT_CONVERSION = YES;
				CLANG_WARN_DIRECT_OBJC_ISA_USAGE = YES_ERROR;
				CLANG_WARN_EMPTY_BODY = YES;
				CLANG_WARN_ENUM_CONVERSION = YES;
				CLANG_WARN_INT_CONVERSION = YES;
				CLANG_WARN_OBJC_ROOT_CLASS = YES_ERROR;
				CLANG_WARN_UNREACHABLE_CODE = YES;
				CLANG_WARN__DUPLICATE_METHOD_MATCH = YES;
				"CODE_SIGN_IDENTITY[sdk=iphoneos*]" = "iPhone Developer";
				COPY_PHASE_STRIP = NO;
				DEBUG_INFORMATION_FORMAT = "dwarf-with-dsym";
				ENABLE_NS_ASSERTIONS = NO;
				ENABLE_STRICT_OBJC_MSGSEND = YES;
				GCC_C_LANGUAGE_STANDARD = gnu99;
				GCC_NO_COMMON_BLOCKS = YES;
				GCC_WARN_64_TO_32_BIT_CONVERSION = YES;
				GCC_WARN_ABOUT_RETURN_TYPE = YES_ERROR;
				GCC_WARN_UNDECLARED_SELECTOR = YES;
				GCC_WARN_UNINITIALIZED_AUTOS = YES_AGGRESSIVE;
				GCC_WARN_UNUSED_FUNCTION = YES;
				GCC_WARN_UNUSED_VARIABLE = YES;
				IPHONEOS_DEPLOYMENT_TARGET = 9.2;
				MTL_ENABLE_DEBUG_INFO = NO;
				SDKROOT = iphoneos;
				VALIDATE_PRODUCT = YES;
			};
			name = Release;
		};
		EE83BE5C1C83E7600002DF50 /* Debug */ = {
			isa = XCBuildConfiguration;
			baseConfigurationReference = 208E373489BE10B9C0DC465D /* Pods-instagrams.debug.xcconfig */;
			buildSettings = {
				ASSETCATALOG_COMPILER_APPICON_NAME = AppIcon;
				INFOPLIST_FILE = instagrams/Info.plist;
				LD_RUNPATH_SEARCH_PATHS = "$(inherited) @executable_path/Frameworks";
				PRODUCT_BUNDLE_IDENTIFIER = josh.gebbeken.instagrams;
				PRODUCT_NAME = "$(TARGET_NAME)";
			};
			name = Debug;
		};
		EE83BE5D1C83E7600002DF50 /* Release */ = {
			isa = XCBuildConfiguration;
			baseConfigurationReference = 4025EB935894ABC7D8DC9803 /* Pods-instagrams.release.xcconfig */;
			buildSettings = {
				ASSETCATALOG_COMPILER_APPICON_NAME = AppIcon;
				INFOPLIST_FILE = instagrams/Info.plist;
				LD_RUNPATH_SEARCH_PATHS = "$(inherited) @executable_path/Frameworks";
				PRODUCT_BUNDLE_IDENTIFIER = josh.gebbeken.instagrams;
				PRODUCT_NAME = "$(TARGET_NAME)";
			};
			name = Release;
		};
/* End XCBuildConfiguration section */

/* Begin XCConfigurationList section */
		EE83BE441C83E7600002DF50 /* Build configuration list for PBXProject "instagrams" */ = {
			isa = XCConfigurationList;
			buildConfigurations = (
				EE83BE591C83E7600002DF50 /* Debug */,
				EE83BE5A1C83E7600002DF50 /* Release */,
			);
			defaultConfigurationIsVisible = 0;
			defaultConfigurationName = Release;
		};
		EE83BE5B1C83E7600002DF50 /* Build configuration list for PBXNativeTarget "instagrams" */ = {
			isa = XCConfigurationList;
			buildConfigurations = (
				EE83BE5C1C83E7600002DF50 /* Debug */,
				EE83BE5D1C83E7600002DF50 /* Release */,
			);
			defaultConfigurationIsVisible = 0;
			defaultConfigurationName = Release;
		};
/* End XCConfigurationList section */
	};
	rootObject = EE83BE411C83E7600002DF50 /* Project object */;
}
